# THIS IS AN AUTOGENERATED FILE. DO NOT EDIT THIS FILE DIRECTLY.
# yarn lockfile v1


escape-html@^1.0.3:
  version "1.0.3"
  resolved "https://registry.yarnpkg.com/escape-html/-/escape-html-1.0.3.tgz#0258eae4d3d0c0974de1c169188ef0051d1d1988"
  integrity sha512-NiSupZ4OeuGwr68lGIeym/ksIZMJodUGOSCZ/FSnTxcrekbvqrgdUxlJOMpijaKZVjAJrWrGs/6Jy8OMuyj9ow==

lru-cache@^2.5.0:
  version "2.7.3"
  resolved "https://registry.yarnpkg.com/lru-cache/-/lru-cache-2.7.3.tgz#6d4524e8b955f95d4f5b58851ce21dd72fb4e952"

striptags@^3.1.1:
  version "3.2.0"
  resolved "https://registry.yarnpkg.com/striptags/-/striptags-3.2.0.tgz#cc74a137db2de8b0b9a370006334161f7dd67052"
  integrity sha512-g45ZOGzHDMe2bdYMdIvdAfCQkCTDMGBazSw1ypMowwGIee7ZQ5dU0rBJ8Jqgl+jAKIv4dbeE1jscZq9wid1Tkw==

unescape-html@^1.1.0:
  version "1.1.0"
  resolved "https://registry.yarnpkg.com/unescape-html/-/unescape-html-1.1.0.tgz#d24705e82f0c9e62a87ada62f3cd96303d7d2a3c"
  integrity sha512-O9/yBNqIkArjS597iHez5hAaAdn7b8/230SX8IncgXAX5tWI9XlEQYaz6Qbou0Sloa9n6lx9G5s6hg5qhJyzGg==
